{
  "pins" : [
    {
      "identity" : "sdwebimage",
      "kind" : "remoteSourceControl",
      "location" : "https://github.com/codedeman/SDWebImage",
      "state" : {
        "branch" : "master",
        "revision" : "b014808ddd52dc3ac70bcb24817a3c651928be10"
      }
    }
  ],
  "version" : 2
}
