// !$*UTF8*$!
{
	archiveVersion = 1;
	classes = {
	};
	objectVersion = 56;
	objects = {

/* Begin PBXBuildFile section */
		0A3AFF45290E5F6000DC8B00 /* ImageDownloadManager.swift in Sources */ = {isa = PBXBuildFile; fileRef = 0A3AFF44290E5F6000DC8B00 /* ImageDownloadManager.swift */; };
		0A3AFF4F290E958500DC8B00 /* KWebImage.docc in Sources */ = {isa = PBXBuildFile; fileRef = 0A3AFF4E290E958500DC8B00 /* KWebImage.docc */; };
		0A3AFF55290E958500DC8B00 /* KWebImage.framework in Frameworks */ = {isa = PBXBuildFile; fileRef = 0A3AFF4B290E958500DC8B00 /* KWebImage.framework */; };
		0A3AFF5C290E958500DC8B00 /* KWebImageTests.swift in Sources */ = {isa = PBXBuildFile; fileRef = 0A3AFF5B290E958500DC8B00 /* KWebImageTests.swift */; };
		0A3AFF5D290E958500DC8B00 /* KWebImage.h in Headers */ = {isa = PBXBuildFile; fileRef = 0A3AFF4D290E958500DC8B00 /* KWebImage.h */; settings = {ATTRIBUTES = (Public, ); }; };
		0A3AFF60290E958500DC8B00 /* KWebImage.framework in Frameworks */ = {isa = PBXBuildFile; fileRef = 0A3AFF4B290E958500DC8B00 /* KWebImage.framework */; };
		0A3AFF61290E958500DC8B00 /* KWebImage.framework in Embed Frameworks */ = {isa = PBXBuildFile; fileRef = 0A3AFF4B290E958500DC8B00 /* KWebImage.framework */; settings = {ATTRIBUTES = (CodeSignOnCopy, RemoveHeadersOnCopy, ); }; };
		0A3AFF6A290E95CE00DC8B00 /* KImageDowLoadManager.swift in Sources */ = {isa = PBXBuildFile; fileRef = 0A3AFF69290E95CE00DC8B00 /* KImageDowLoadManager.swift */; };
		0A3AFF6B290E961000DC8B00 /* KImageLoader.swift in Sources */ = {isa = PBXBuildFile; fileRef = 0A3AFF42290E2C9200DC8B00 /* KImageLoader.swift */; };
		0A3AFF6D290E96DE00DC8B00 /* KUIImageView.swift in Sources */ = {isa = PBXBuildFile; fileRef = 0A3AFF6C290E96DE00DC8B00 /* KUIImageView.swift */; };
		0A4B4D972906984400379DE6 /* AppDelegate.swift in Sources */ = {isa = PBXBuildFile; fileRef = 0A4B4D962906984400379DE6 /* AppDelegate.swift */; };
		0A4B4D992906984400379DE6 /* SceneDelegate.swift in Sources */ = {isa = PBXBuildFile; fileRef = 0A4B4D982906984400379DE6 /* SceneDelegate.swift */; };
		0A4B4D9B2906984400379DE6 /* ViewController.swift in Sources */ = {isa = PBXBuildFile; fileRef = 0A4B4D9A2906984400379DE6 /* ViewController.swift */; };
		0A4B4D9E2906984400379DE6 /* Main.storyboard in Resources */ = {isa = PBXBuildFile; fileRef = 0A4B4D9C2906984400379DE6 /* Main.storyboard */; };
		0A4B4DA02906984400379DE6 /* Assets.xcassets in Resources */ = {isa = PBXBuildFile; fileRef = 0A4B4D9F2906984400379DE6 /* Assets.xcassets */; };
		0A4B4DA32906984400379DE6 /* LaunchScreen.storyboard in Resources */ = {isa = PBXBuildFile; fileRef = 0A4B4DA12906984400379DE6 /* LaunchScreen.storyboard */; };
		0A4B4DAE2906984400379DE6 /* GDCExampleTests.swift in Sources */ = {isa = PBXBuildFile; fileRef = 0A4B4DAD2906984400379DE6 /* GDCExampleTests.swift */; };
		0A4B4DB82906984400379DE6 /* GDCExampleUITests.swift in Sources */ = {isa = PBXBuildFile; fileRef = 0A4B4DB72906984400379DE6 /* GDCExampleUITests.swift */; };
		0A4B4DBA2906984400379DE6 /* GDCExampleUITestsLaunchTests.swift in Sources */ = {isa = PBXBuildFile; fileRef = 0A4B4DB92906984400379DE6 /* GDCExampleUITestsLaunchTests.swift */; };
		0A4B4DC8290699C900379DE6 /* MovieService.swift in Sources */ = {isa = PBXBuildFile; fileRef = 0A4B4DC7290699C900379DE6 /* MovieService.swift */; };
		0A4B4DCB29069D0A00379DE6 /* MovieModel.swift in Sources */ = {isa = PBXBuildFile; fileRef = 0A4B4DCA29069D0A00379DE6 /* MovieModel.swift */; };
		0A4B4DCF29069F0900379DE6 /* CinemaCell.xib in Resources */ = {isa = PBXBuildFile; fileRef = 0A4B4DCD29069F0800379DE6 /* CinemaCell.xib */; };
		0A4B4DD029069F0900379DE6 /* CinemaCell.swift in Sources */ = {isa = PBXBuildFile; fileRef = 0A4B4DCE29069F0800379DE6 /* CinemaCell.swift */; };
		0AA17806290D5C990034CED2 /* SDWebImage in Frameworks */ = {isa = PBXBuildFile; productRef = 0AA17805290D5C990034CED2 /* SDWebImage */; };
/* End PBXBuildFile section */

/* Begin PBXContainerItemProxy section */
		0A3AFF56290E958500DC8B00 /* PBXContainerItemProxy */ = {
			isa = PBXContainerItemProxy;
			containerPortal = 0A4B4D8B2906984300379DE6 /* Project object */;
			proxyType = 1;
			remoteGlobalIDString = 0A3AFF4A290E958500DC8B00;
			remoteInfo = KWebImage;
		};
		0A3AFF58290E958500DC8B00 /* PBXContainerItemProxy */ = {
			isa = PBXContainerItemProxy;
			containerPortal = 0A4B4D8B2906984300379DE6 /* Project object */;
			proxyType = 1;
			remoteGlobalIDString = 0A4B4D922906984400379DE6;
			remoteInfo = GDCExample;
		};
		0A3AFF5E290E958500DC8B00 /* PBXContainerItemProxy */ = {
			isa = PBXContainerItemProxy;
			containerPortal = 0A4B4D8B2906984300379DE6 /* Project object */;
			proxyType = 1;
			remoteGlobalIDString = 0A3AFF4A290E958500DC8B00;
			remoteInfo = KWebImage;
		};
		0A4B4DAA2906984400379DE6 /* PBXContainerItemProxy */ = {
			isa = PBXContainerItemProxy;
			containerPortal = 0A4B4D8B2906984300379DE6 /* Project object */;
			proxyType = 1;
			remoteGlobalIDString = 0A4B4D922906984400379DE6;
			remoteInfo = GDCExample;
		};
		0A4B4DB42906984400379DE6 /* PBXContainerItemProxy */ = {
			isa = PBXContainerItemProxy;
			containerPortal = 0A4B4D8B2906984300379DE6 /* Project object */;
			proxyType = 1;
			remoteGlobalIDString = 0A4B4D922906984400379DE6;
			remoteInfo = GDCExample;
		};
/* End PBXContainerItemProxy section */

/* Begin PBXCopyFilesBuildPhase section */
		0A3AFF65290E958500DC8B00 /* Embed Frameworks */ = {
			isa = PBXCopyFilesBuildPhase;
			buildActionMask = 2147483647;
			dstPath = "";
			dstSubfolderSpec = 10;
			files = (
				0A3AFF61290E958500DC8B00 /* KWebImage.framework in Embed Frameworks */,
			);
			name = "Embed Frameworks";
			runOnlyForDeploymentPostprocessing = 0;
		};
/* End PBXCopyFilesBuildPhase section */

/* Begin PBXFileReference section */
		0A3AFF42290E2C9200DC8B00 /* KImageLoader.swift */ = {isa = PBXFileReference; lastKnownFileType = sourcecode.swift; path = KImageLoader.swift; sourceTree = "<group>"; };
		0A3AFF44290E5F6000DC8B00 /* ImageDownloadManager.swift */ = {isa = PBXFileReference; lastKnownFileType = sourcecode.swift; path = ImageDownloadManager.swift; sourceTree = "<group>"; };
		0A3AFF4B290E958500DC8B00 /* KWebImage.framework */ = {isa = PBXFileReference; explicitFileType = wrapper.framework; includeInIndex = 0; path = KWebImage.framework; sourceTree = BUILT_PRODUCTS_DIR; };
		0A3AFF4D290E958500DC8B00 /* KWebImage.h */ = {isa = PBXFileReference; lastKnownFileType = sourcecode.c.h; path = KWebImage.h; sourceTree = "<group>"; };
		0A3AFF4E290E958500DC8B00 /* KWebImage.docc */ = {isa = PBXFileReference; lastKnownFileType = folder.documentationcatalog; path = KWebImage.docc; sourceTree = "<group>"; };
		0A3AFF54290E958500DC8B00 /* KWebImageTests.xctest */ = {isa = PBXFileReference; explicitFileType = wrapper.cfbundle; includeInIndex = 0; path = KWebImageTests.xctest; sourceTree = BUILT_PRODUCTS_DIR; };
		0A3AFF5B290E958500DC8B00 /* KWebImageTests.swift */ = {isa = PBXFileReference; lastKnownFileType = sourcecode.swift; path = KWebImageTests.swift; sourceTree = "<group>"; };
		0A3AFF69290E95CE00DC8B00 /* KImageDowLoadManager.swift */ = {isa = PBXFileReference; lastKnownFileType = sourcecode.swift; path = KImageDowLoadManager.swift; sourceTree = "<group>"; };
		0A3AFF6C290E96DE00DC8B00 /* KUIImageView.swift */ = {isa = PBXFileReference; lastKnownFileType = sourcecode.swift; path = KUIImageView.swift; sourceTree = "<group>"; };
		0A4B4D932906984400379DE6 /* GDCExample.app */ = {isa = PBXFileReference; explicitFileType = wrapper.application; includeInIndex = 0; path = GDCExample.app; sourceTree = BUILT_PRODUCTS_DIR; };
		0A4B4D962906984400379DE6 /* AppDelegate.swift */ = {isa = PBXFileReference; lastKnownFileType = sourcecode.swift; path = AppDelegate.swift; sourceTree = "<group>"; };
		0A4B4D982906984400379DE6 /* SceneDelegate.swift */ = {isa = PBXFileReference; lastKnownFileType = sourcecode.swift; path = SceneDelegate.swift; sourceTree = "<group>"; };
		0A4B4D9A2906984400379DE6 /* ViewController.swift */ = {isa = PBXFileReference; lastKnownFileType = sourcecode.swift; path = ViewController.swift; sourceTree = "<group>"; };
		0A4B4D9D2906984400379DE6 /* Base */ = {isa = PBXFileReference; lastKnownFileType = file.storyboard; name = Base; path = Base.lproj/Main.storyboard; sourceTree = "<group>"; };
		0A4B4D9F2906984400379DE6 /* Assets.xcassets */ = {isa = PBXFileReference; lastKnownFileType = folder.assetcatalog; path = Assets.xcassets; sourceTree = "<group>"; };
		0A4B4DA22906984400379DE6 /* Base */ = {isa = PBXFileReference; lastKnownFileType = file.storyboard; name = Base; path = Base.lproj/LaunchScreen.storyboard; sourceTree = "<group>"; };
		0A4B4DA42906984400379DE6 /* Info.plist */ = {isa = PBXFileReference; lastKnownFileType = text.plist.xml; path = Info.plist; sourceTree = "<group>"; };
		0A4B4DA92906984400379DE6 /* GDCExampleTests.xctest */ = {isa = PBXFileReference; explicitFileType = wrapper.cfbundle; includeInIndex = 0; path = GDCExampleTests.xctest; sourceTree = BUILT_PRODUCTS_DIR; };
		0A4B4DAD2906984400379DE6 /* GDCExampleTests.swift */ = {isa = PBXFileReference; lastKnownFileType = sourcecode.swift; path = GDCExampleTests.swift; sourceTree = "<group>"; };
		0A4B4DB32906984400379DE6 /* GDCExampleUITests.xctest */ = {isa = PBXFileReference; explicitFileType = wrapper.cfbundle; includeInIndex = 0; path = GDCExampleUITests.xctest; sourceTree = BUILT_PRODUCTS_DIR; };
		0A4B4DB72906984400379DE6 /* GDCExampleUITests.swift */ = {isa = PBXFileReference; lastKnownFileType = sourcecode.swift; path = GDCExampleUITests.swift; sourceTree = "<group>"; };
		0A4B4DB92906984400379DE6 /* GDCExampleUITestsLaunchTests.swift */ = {isa = PBXFileReference; lastKnownFileType = sourcecode.swift; path = GDCExampleUITestsLaunchTests.swift; sourceTree = "<group>"; };
		0A4B4DC7290699C900379DE6 /* MovieService.swift */ = {isa = PBXFileReference; lastKnownFileType = sourcecode.swift; path = MovieService.swift; sourceTree = "<group>"; };
		0A4B4DCA29069D0A00379DE6 /* MovieModel.swift */ = {isa = PBXFileReference; lastKnownFileType = sourcecode.swift; path = MovieModel.swift; sourceTree = "<group>"; };
		0A4B4DCD29069F0800379DE6 /* CinemaCell.xib */ = {isa = PBXFileReference; fileEncoding = 4; lastKnownFileType = file.xib; path = CinemaCell.xib; sourceTree = "<group>"; };
		0A4B4DCE29069F0800379DE6 /* CinemaCell.swift */ = {isa = PBXFileReference; fileEncoding = 4; lastKnownFileType = sourcecode.swift; path = CinemaCell.swift; sourceTree = "<group>"; };
/* End PBXFileReference section */

/* Begin PBXFrameworksBuildPhase section */
		0A3AFF48290E958500DC8B00 /* Frameworks */ = {
			isa = PBXFrameworksBuildPhase;
			buildActionMask = 2147483647;
			files = (
			);
			runOnlyForDeploymentPostprocessing = 0;
		};
		0A3AFF51290E958500DC8B00 /* Frameworks */ = {
			isa = PBXFrameworksBuildPhase;
			buildActionMask = 2147483647;
			files = (
				0A3AFF55290E958500DC8B00 /* KWebImage.framework in Frameworks */,
			);
			runOnlyForDeploymentPostprocessing = 0;
		};
		0A4B4D902906984400379DE6 /* Frameworks */ = {
			isa = PBXFrameworksBuildPhase;
			buildActionMask = 2147483647;
			files = (
				0AA17806290D5C990034CED2 /* SDWebImage in Frameworks */,
				0A3AFF60290E958500DC8B00 /* KWebImage.framework in Frameworks */,
			);
			runOnlyForDeploymentPostprocessing = 0;
		};
		0A4B4DA62906984400379DE6 /* Frameworks */ = {
			isa = PBXFrameworksBuildPhase;
			buildActionMask = 2147483647;
			files = (
			);
			runOnlyForDeploymentPostprocessing = 0;
		};
		0A4B4DB02906984400379DE6 /* Frameworks */ = {
			isa = PBXFrameworksBuildPhase;
			buildActionMask = 2147483647;
			files = (
			);
			runOnlyForDeploymentPostprocessing = 0;
		};
/* End PBXFrameworksBuildPhase section */

/* Begin PBXGroup section */
		0A3AFF41290E2C8100DC8B00 /* ImgeLoader */ = {
			isa = PBXGroup;
			children = (
				0A3AFF44290E5F6000DC8B00 /* ImageDownloadManager.swift */,
			);
			path = ImgeLoader;
			sourceTree = "<group>";
		};
		0A3AFF4C290E958500DC8B00 /* KWebImage */ = {
			isa = PBXGroup;
			children = (
				0A3AFF42290E2C9200DC8B00 /* KImageLoader.swift */,
				0A3AFF4D290E958500DC8B00 /* KWebImage.h */,
				0A3AFF4E290E958500DC8B00 /* KWebImage.docc */,
				0A3AFF69290E95CE00DC8B00 /* KImageDowLoadManager.swift */,
				0A3AFF6C290E96DE00DC8B00 /* KUIImageView.swift */,
			);
			path = KWebImage;
			sourceTree = "<group>";
		};
		0A3AFF5A290E958500DC8B00 /* KWebImageTests */ = {
			isa = PBXGroup;
			children = (
				0A3AFF5B290E958500DC8B00 /* KWebImageTests.swift */,
			);
			path = KWebImageTests;
			sourceTree = "<group>";
		};
		0A4B4D8A2906984300379DE6 = {
			isa = PBXGroup;
			children = (
				0A4B4D952906984400379DE6 /* GDCExample */,
				0A4B4DAC2906984400379DE6 /* GDCExampleTests */,
				0A4B4DB62906984400379DE6 /* GDCExampleUITests */,
				0A3AFF4C290E958500DC8B00 /* KWebImage */,
				0A3AFF5A290E958500DC8B00 /* KWebImageTests */,
				0A4B4D942906984400379DE6 /* Products */,
			);
			sourceTree = "<group>";
		};
		0A4B4D942906984400379DE6 /* Products */ = {
			isa = PBXGroup;
			children = (
				0A4B4D932906984400379DE6 /* GDCExample.app */,
				0A4B4DA92906984400379DE6 /* GDCExampleTests.xctest */,
				0A4B4DB32906984400379DE6 /* GDCExampleUITests.xctest */,
				0A3AFF4B290E958500DC8B00 /* KWebImage.framework */,
				0A3AFF54290E958500DC8B00 /* KWebImageTests.xctest */,
			);
			name = Products;
			sourceTree = "<group>";
		};
		0A4B4D952906984400379DE6 /* GDCExample */ = {
			isa = PBXGroup;
			children = (
				0A3AFF41290E2C8100DC8B00 /* ImgeLoader */,
				0A4B4DCC29069EED00379DE6 /* Cell */,
				0A4B4DC929069CFA00379DE6 /* Models */,
				0A4B4DC6290698BA00379DE6 /* MovieService */,
				0A4B4D962906984400379DE6 /* AppDelegate.swift */,
				0A4B4D982906984400379DE6 /* SceneDelegate.swift */,
				0A4B4D9A2906984400379DE6 /* ViewController.swift */,
				0A4B4D9C2906984400379DE6 /* Main.storyboard */,
				0A4B4D9F2906984400379DE6 /* Assets.xcassets */,
				0A4B4DA12906984400379DE6 /* LaunchScreen.storyboard */,
				0A4B4DA42906984400379DE6 /* Info.plist */,
			);
			path = GDCExample;
			sourceTree = "<group>";
		};
		0A4B4DAC2906984400379DE6 /* GDCExampleTests */ = {
			isa = PBXGroup;
			children = (
				0A4B4DAD2906984400379DE6 /* GDCExampleTests.swift */,
			);
			path = GDCExampleTests;
			sourceTree = "<group>";
		};
		0A4B4DB62906984400379DE6 /* GDCExampleUITests */ = {
			isa = PBXGroup;
			children = (
				0A4B4DB72906984400379DE6 /* GDCExampleUITests.swift */,
				0A4B4DB92906984400379DE6 /* GDCExampleUITestsLaunchTests.swift */,
			);
			path = GDCExampleUITests;
			sourceTree = "<group>";
		};
		0A4B4DC6290698BA00379DE6 /* MovieService */ = {
			isa = PBXGroup;
			children = (
				0A4B4DC7290699C900379DE6 /* MovieService.swift */,
			);
			path = MovieService;
			sourceTree = "<group>";
		};
		0A4B4DC929069CFA00379DE6 /* Models */ = {
			isa = PBXGroup;
			children = (
				0A4B4DCA29069D0A00379DE6 /* MovieModel.swift */,
			);
			path = Models;
			sourceTree = "<group>";
		};
		0A4B4DCC29069EED00379DE6 /* Cell */ = {
			isa = PBXGroup;
			children = (
				0A4B4DCE29069F0800379DE6 /* CinemaCell.swift */,
				0A4B4DCD29069F0800379DE6 /* CinemaCell.xib */,
			);
			path = Cell;
			sourceTree = "<group>";
		};
/* End PBXGroup section */

/* Begin PBXHeadersBuildPhase section */
		0A3AFF46290E958500DC8B00 /* Headers */ = {
			isa = PBXHeadersBuildPhase;
			buildActionMask = 2147483647;
			files = (
				0A3AFF5D290E958500DC8B00 /* KWebImage.h in Headers */,
			);
			runOnlyForDeploymentPostprocessing = 0;
		};
/* End PBXHeadersBuildPhase section */

/* Begin PBXNativeTarget section */
		0A3AFF4A290E958500DC8B00 /* KWebImage */ = {
			isa = PBXNativeTarget;
			buildConfigurationList = 0A3AFF62290E958500DC8B00 /* Build configuration list for PBXNativeTarget "KWebImage" */;
			buildPhases = (
				0A3AFF46290E958500DC8B00 /* Headers */,
				0A3AFF47290E958500DC8B00 /* Sources */,
				0A3AFF48290E958500DC8B00 /* Frameworks */,
				0A3AFF49290E958500DC8B00 /* Resources */,
			);
			buildRules = (
			);
			dependencies = (
			);
			name = KWebImage;
			productName = KWebImage;
			productReference = 0A3AFF4B290E958500DC8B00 /* KWebImage.framework */;
			productType = "com.apple.product-type.framework";
		};
		0A3AFF53290E958500DC8B00 /* KWebImageTests */ = {
			isa = PBXNativeTarget;
			buildConfigurationList = 0A3AFF66290E958500DC8B00 /* Build configuration list for PBXNativeTarget "KWebImageTests" */;
			buildPhases = (
				0A3AFF50290E958500DC8B00 /* Sources */,
				0A3AFF51290E958500DC8B00 /* Frameworks */,
				0A3AFF52290E958500DC8B00 /* Resources */,
			);
			buildRules = (
			);
			dependencies = (
				0A3AFF57290E958500DC8B00 /* PBXTargetDependency */,
				0A3AFF59290E958500DC8B00 /* PBXTargetDependency */,
			);
			name = KWebImageTests;
			productName = KWebImageTests;
			productReference = 0A3AFF54290E958500DC8B00 /* KWebImageTests.xctest */;
			productType = "com.apple.product-type.bundle.unit-test";
		};
		0A4B4D922906984400379DE6 /* GDCExample */ = {
			isa = PBXNativeTarget;
			buildConfigurationList = 0A4B4DBD2906984400379DE6 /* Build configuration list for PBXNativeTarget "GDCExample" */;
			buildPhases = (
				0A4B4D8F2906984400379DE6 /* Sources */,
				0A4B4D902906984400379DE6 /* Frameworks */,
				0A4B4D912906984400379DE6 /* Resources */,
				0A3AFF65290E958500DC8B00 /* Embed Frameworks */,
			);
			buildRules = (
			);
			dependencies = (
				0A3AFF5F290E958500DC8B00 /* PBXTargetDependency */,
			);
			name = GDCExample;
			packageProductDependencies = (
				0AA17805290D5C990034CED2 /* SDWebImage */,
			);
			productName = GDCExample;
			productReference = 0A4B4D932906984400379DE6 /* GDCExample.app */;
			productType = "com.apple.product-type.application";
		};
		0A4B4DA82906984400379DE6 /* GDCExampleTests */ = {
			isa = PBXNativeTarget;
			buildConfigurationList = 0A4B4DC02906984400379DE6 /* Build configuration list for PBXNativeTarget "GDCExampleTests" */;
			buildPhases = (
				0A4B4DA52906984400379DE6 /* Sources */,
				0A4B4DA62906984400379DE6 /* Frameworks */,
				0A4B4DA72906984400379DE6 /* Resources */,
			);
			buildRules = (
			);
			dependencies = (
				0A4B4DAB2906984400379DE6 /* PBXTargetDependency */,
			);
			name = GDCExampleTests;
			productName = GDCExampleTests;
			productReference = 0A4B4DA92906984400379DE6 /* GDCExampleTests.xctest */;
			productType = "com.apple.product-type.bundle.unit-test";
		};
		0A4B4DB22906984400379DE6 /* GDCExampleUITests */ = {
			isa = PBXNativeTarget;
			buildConfigurationList = 0A4B4DC32906984400379DE6 /* Build configuration list for PBXNativeTarget "GDCExampleUITests" */;
			buildPhases = (
				0A4B4DAF2906984400379DE6 /* Sources */,
				0A4B4DB02906984400379DE6 /* Frameworks */,
				0A4B4DB12906984400379DE6 /* Resources */,
			);
			buildRules = (
			);
			dependencies = (
				0A4B4DB52906984400379DE6 /* PBXTargetDependency */,
			);
			name = GDCExampleUITests;
			productName = GDCExampleUITests;
			productReference = 0A4B4DB32906984400379DE6 /* GDCExampleUITests.xctest */;
			productType = "com.apple.product-type.bundle.ui-testing";
		};
/* End PBXNativeTarget section */

/* Begin PBXProject section */
		0A4B4D8B2906984300379DE6 /* Project object */ = {
			isa = PBXProject;
			attributes = {
				BuildIndependentTargetsInParallel = 1;
				LastSwiftUpdateCheck = 1400;
				LastUpgradeCheck = 1400;
				TargetAttributes = {
					0A3AFF4A290E958500DC8B00 = {
						CreatedOnToolsVersion = 14.0.1;
					};
					0A3AFF53290E958500DC8B00 = {
						CreatedOnToolsVersion = 14.0.1;
						TestTargetID = 0A4B4D922906984400379DE6;
					};
					0A4B4D922906984400379DE6 = {
						CreatedOnToolsVersion = 14.0.1;
					};
					0A4B4DA82906984400379DE6 = {
						CreatedOnToolsVersion = 14.0.1;
						TestTargetID = 0A4B4D922906984400379DE6;
					};
					0A4B4DB22906984400379DE6 = {
						CreatedOnToolsVersion = 14.0.1;
						TestTargetID = 0A4B4D922906984400379DE6;
					};
				};
			};
			buildConfigurationList = 0A4B4D8E2906984300379DE6 /* Build configuration list for PBXProject "GDCExample" */;
			compatibilityVersion = "Xcode 14.0";
			developmentRegion = en;
			hasScannedForEncodings = 0;
			knownRegions = (
				en,
				Base,
			);
			mainGroup = 0A4B4D8A2906984300379DE6;
			packageReferences = (
				0AA17804290D5C990034CED2 /* XCRemoteSwiftPackageReference "SDWebImage" */,
			);
			productRefGroup = 0A4B4D942906984400379DE6 /* Products */;
			projectDirPath = "";
			projectRoot = "";
			targets = (
				0A4B4D922906984400379DE6 /* GDCExample */,
				0A4B4DA82906984400379DE6 /* GDCExampleTests */,
				0A4B4DB22906984400379DE6 /* GDCExampleUITests */,
				0A3AFF4A290E958500DC8B00 /* KWebImage */,
				0A3AFF53290E958500DC8B00 /* KWebImageTests */,
			);
		};
/* End PBXProject section */

/* Begin PBXResourcesBuildPhase section */
		0A3AFF49290E958500DC8B00 /* Resources */ = {
			isa = PBXResourcesBuildPhase;
			buildActionMask = 2147483647;
			files = (
			);
			runOnlyForDeploymentPostprocessing = 0;
		};
		0A3AFF52290E958500DC8B00 /* Resources */ = {
			isa = PBXResourcesBuildPhase;
			buildActionMask = 2147483647;
			files = (
			);
			runOnlyForDeploymentPostprocessing = 0;
		};
		0A4B4D912906984400379DE6 /* Resources */ = {
			isa = PBXResourcesBuildPhase;
			buildActionMask = 2147483647;
			files = (
				0A4B4DCF29069F0900379DE6 /* CinemaCell.xib in Resources */,
				0A4B4DA32906984400379DE6 /* LaunchScreen.storyboard in Resources */,
				0A4B4DA02906984400379DE6 /* Assets.xcassets in Resources */,
				0A4B4D9E2906984400379DE6 /* Main.storyboard in Resources */,
			);
			runOnlyForDeploymentPostprocessing = 0;
		};
		0A4B4DA72906984400379DE6 /* Resources */ = {
			isa = PBXResourcesBuildPhase;
			buildActionMask = 2147483647;
			files = (
			);
			runOnlyForDeploymentPostprocessing = 0;
		};
		0A4B4DB12906984400379DE6 /* Resources */ = {
			isa = PBXResourcesBuildPhase;
			buildActionMask = 2147483647;
			files = (
			);
			runOnlyForDeploymentPostprocessing = 0;
		};
/* End PBXResourcesBuildPhase section */

/* Begin PBXSourcesBuildPhase section */
		0A3AFF47290E958500DC8B00 /* Sources */ = {
			isa = PBXSourcesBuildPhase;
			buildActionMask = 2147483647;
			files = (
				0A3AFF6A290E95CE00DC8B00 /* KImageDowLoadManager.swift in Sources */,
				0A3AFF6D290E96DE00DC8B00 /* KUIImageView.swift in Sources */,
				0A3AFF4F290E958500DC8B00 /* KWebImage.docc in Sources */,
				0A3AFF6B290E961000DC8B00 /* KImageLoader.swift in Sources */,
			);
			runOnlyForDeploymentPostprocessing = 0;
		};
		0A3AFF50290E958500DC8B00 /* Sources */ = {
			isa = PBXSourcesBuildPhase;
			buildActionMask = 2147483647;
			files = (
				0A3AFF5C290E958500DC8B00 /* KWebImageTests.swift in Sources */,
			);
			runOnlyForDeploymentPostprocessing = 0;
		};
		0A4B4D8F2906984400379DE6 /* Sources */ = {
			isa = PBXSourcesBuildPhase;
			buildActionMask = 2147483647;
			files = (
				0A4B4D9B2906984400379DE6 /* ViewController.swift in Sources */,
				0A4B4D972906984400379DE6 /* AppDelegate.swift in Sources */,
				0A3AFF45290E5F6000DC8B00 /* ImageDownloadManager.swift in Sources */,
				0A4B4DD029069F0900379DE6 /* CinemaCell.swift in Sources */,
				0A4B4DCB29069D0A00379DE6 /* MovieModel.swift in Sources */,
				0A4B4DC8290699C900379DE6 /* MovieService.swift in Sources */,
				0A4B4D992906984400379DE6 /* SceneDelegate.swift in Sources */,
			);
			runOnlyForDeploymentPostprocessing = 0;
		};
		0A4B4DA52906984400379DE6 /* Sources */ = {
			isa = PBXSourcesBuildPhase;
			buildActionMask = 2147483647;
			files = (
				0A4B4DAE2906984400379DE6 /* GDCExampleTests.swift in Sources */,
			);
			runOnlyForDeploymentPostprocessing = 0;
		};
		0A4B4DAF2906984400379DE6 /* Sources */ = {
			isa = PBXSourcesBuildPhase;
			buildActionMask = 2147483647;
			files = (
				0A4B4DBA2906984400379DE6 /* GDCExampleUITestsLaunchTests.swift in Sources */,
				0A4B4DB82906984400379DE6 /* GDCExampleUITests.swift in Sources */,
			);
			runOnlyForDeploymentPostprocessing = 0;
		};
/* End PBXSourcesBuildPhase section */

/* Begin PBXTargetDependency section */
		0A3AFF57290E958500DC8B00 /* PBXTargetDependency */ = {
			isa = PBXTargetDependency;
			target = 0A3AFF4A290E958500DC8B00 /* KWebImage */;
			targetProxy = 0A3AFF56290E958500DC8B00 /* PBXContainerItemProxy */;
		};
		0A3AFF59290E958500DC8B00 /* PBXTargetDependency */ = {
			isa = PBXTargetDependency;
			target = 0A4B4D922906984400379DE6 /* GDCExample */;
			targetProxy = 0A3AFF58290E958500DC8B00 /* PBXContainerItemProxy */;
		};
		0A3AFF5F290E958500DC8B00 /* PBXTargetDependency */ = {
			isa = PBXTargetDependency;
			target = 0A3AFF4A290E958500DC8B00 /* KWebImage */;
			targetProxy = 0A3AFF5E290E958500DC8B00 /* PBXContainerItemProxy */;
		};
		0A4B4DAB2906984400379DE6 /* PBXTargetDependency */ = {
			isa = PBXTargetDependency;
			target = 0A4B4D922906984400379DE6 /* GDCExample */;
			targetProxy = 0A4B4DAA2906984400379DE6 /* PBXContainerItemProxy */;
		};
		0A4B4DB52906984400379DE6 /* PBXTargetDependency */ = {
			isa = PBXTargetDependency;
			target = 0A4B4D922906984400379DE6 /* GDCExample */;
			targetProxy = 0A4B4DB42906984400379DE6 /* PBXContainerItemProxy */;
		};
/* End PBXTargetDependency section */

/* Begin PBXVariantGroup section */
		0A4B4D9C2906984400379DE6 /* Main.storyboard */ = {
			isa = PBXVariantGroup;
			children = (
				0A4B4D9D2906984400379DE6 /* Base */,
			);
			name = Main.storyboard;
			sourceTree = "<group>";
		};
		0A4B4DA12906984400379DE6 /* LaunchScreen.storyboard */ = {
			isa = PBXVariantGroup;
			children = (
				0A4B4DA22906984400379DE6 /* Base */,
			);
			name = LaunchScreen.storyboard;
			sourceTree = "<group>";
		};
/* End PBXVariantGroup section */

/* Begin XCBuildConfiguration section */
		0A3AFF63290E958500DC8B00 /* Debug */ = {
			isa = XCBuildConfiguration;
			buildSettings = {
				CODE_SIGN_STYLE = Automatic;
				CURRENT_PROJECT_VERSION = 1;
				DEFINES_MODULE = YES;
				DEVELOPMENT_TEAM = PBBT599Q77;
				DYLIB_COMPATIBILITY_VERSION = 1;
				DYLIB_CURRENT_VERSION = 1;
				DYLIB_INSTALL_NAME_BASE = "@rpath";
				GENERATE_INFOPLIST_FILE = YES;
				INFOPLIST_KEY_NSHumanReadableCopyright = "";
				INSTALL_PATH = "$(LOCAL_LIBRARY_DIR)/Frameworks";
				LD_RUNPATH_SEARCH_PATHS = (
					"$(inherited)",
					"@executable_path/Frameworks",
					"@loader_path/Frameworks",
				);
				MARKETING_VERSION = 1.0;
				PRODUCT_BUNDLE_IDENTIFIER = kevin.KWebImage;
				PRODUCT_NAME = "$(TARGET_NAME:c99extidentifier)";
				SKIP_INSTALL = YES;
				SWIFT_EMIT_LOC_STRINGS = YES;
				SWIFT_VERSION = 5.0;
				TARGETED_DEVICE_FAMILY = "1,2";
				VERSIONING_SYSTEM = "apple-generic";
				VERSION_INFO_PREFIX = "";
			};
			name = Debug;
		};
		0A3AFF64290E958500DC8B00 /* Release */ = {
			isa = XCBuildConfiguration;
			buildSettings = {
				CODE_SIGN_STYLE = Automatic;
				CURRENT_PROJECT_VERSION = 1;
				DEFINES_MODULE = YES;
				DEVELOPMENT_TEAM = PBBT599Q77;
				DYLIB_COMPATIBILITY_VERSION = 1;
				DYLIB_CURRENT_VERSION = 1;
				DYLIB_INSTALL_NAME_BASE = "@rpath";
				GENERATE_INFOPLIST_FILE = YES;
				INFOPLIST_KEY_NSHumanReadableCopyright = "";
				INSTALL_PATH = "$(LOCAL_LIBRARY_DIR)/Frameworks";
				LD_RUNPATH_SEARCH_PATHS = (
					"$(inherited)",
					"@executable_path/Frameworks",
					"@loader_path/Frameworks",
				);
				MARKETING_VERSION = 1.0;
				PRODUCT_BUNDLE_IDENTIFIER = kevin.KWebImage;
				PRODUCT_NAME = "$(TARGET_NAME:c99extidentifier)";
				SKIP_INSTALL = YES;
				SWIFT_EMIT_LOC_STRINGS = YES;
				SWIFT_VERSION = 5.0;
				TARGETED_DEVICE_FAMILY = "1,2";
				VERSIONING_SYSTEM = "apple-generic";
				VERSION_INFO_PREFIX = "";
			};
			name = Release;
		};
		0A3AFF67290E958500DC8B00 /* Debug */ = {
			isa = XCBuildConfiguration;
			buildSettings = {
				ALWAYS_EMBED_SWIFT_STANDARD_LIBRARIES = YES;
				CODE_SIGN_STYLE = Automatic;
				CURRENT_PROJECT_VERSION = 1;
				DEVELOPMENT_TEAM = PBBT599Q77;
				GENERATE_INFOPLIST_FILE = YES;
				MARKETING_VERSION = 1.0;
				PRODUCT_BUNDLE_IDENTIFIER = kevin.KWebImageTests;
				PRODUCT_NAME = "$(TARGET_NAME)";
				SWIFT_EMIT_LOC_STRINGS = NO;
				SWIFT_VERSION = 5.0;
				TARGETED_DEVICE_FAMILY = "1,2";
				TEST_HOST = "$(BUILT_PRODUCTS_DIR)/GDCExample.app/$(BUNDLE_EXECUTABLE_FOLDER_PATH)/GDCExample";
			};
			name = Debug;
		};
		0A3AFF68290E958500DC8B00 /* Release */ = {
			isa = XCBuildConfiguration;
			buildSettings = {
				ALWAYS_EMBED_SWIFT_STANDARD_LIBRARIES = YES;
				CODE_SIGN_STYLE = Automatic;
				CURRENT_PROJECT_VERSION = 1;
				DEVELOPMENT_TEAM = PBBT599Q77;
				GENERATE_INFOPLIST_FILE = YES;
				MARKETING_VERSION = 1.0;
				PRODUCT_BUNDLE_IDENTIFIER = kevin.KWebImageTests;
				PRODUCT_NAME = "$(TARGET_NAME)";
				SWIFT_EMIT_LOC_STRINGS = NO;
				SWIFT_VERSION = 5.0;
				TARGETED_DEVICE_FAMILY = "1,2";
				TEST_HOST = "$(BUILT_PRODUCTS_DIR)/GDCExample.app/$(BUNDLE_EXECUTABLE_FOLDER_PATH)/GDCExample";
			};
			name = Release;
		};
		0A4B4DBB2906984400379DE6 /* Debug */ = {
			isa = XCBuildConfiguration;
			buildSettings = {
				ALWAYS_SEARCH_USER_PATHS = NO;
				CLANG_ANALYZER_NONNULL = YES;
				CLANG_ANALYZER_NUMBER_OBJECT_CONVERSION = YES_AGGRESSIVE;
				CLANG_CXX_LANGUAGE_STANDARD = "gnu++20";
				CLANG_ENABLE_MODULES = YES;
				CLANG_ENABLE_OBJC_ARC = YES;
				CLANG_ENABLE_OBJC_WEAK = YES;
				CLANG_WARN_BLOCK_CAPTURE_AUTORELEASING = YES;
				CLANG_WARN_BOOL_CONVERSION = YES;
				CLANG_WARN_COMMA = YES;
				CLANG_WARN_CONSTANT_CONVERSION = YES;
				CLANG_WARN_DEPRECATED_OBJC_IMPLEMENTATIONS = YES;
				CLANG_WARN_DIRECT_OBJC_ISA_USAGE = YES_ERROR;
				CLANG_WARN_DOCUMENTATION_COMMENTS = YES;
				CLANG_WARN_EMPTY_BODY = YES;
				CLANG_WARN_ENUM_CONVERSION = YES;
				CLANG_WARN_INFINITE_RECURSION = YES;
				CLANG_WARN_INT_CONVERSION = YES;
				CLANG_WARN_NON_LITERAL_NULL_CONVERSION = YES;
				CLANG_WARN_OBJC_IMPLICIT_RETAIN_SELF = YES;
				CLANG_WARN_OBJC_LITERAL_CONVERSION = YES;
				CLANG_WARN_OBJC_ROOT_CLASS = YES_ERROR;
				CLANG_WARN_QUOTED_INCLUDE_IN_FRAMEWORK_HEADER = YES;
				CLANG_WARN_RANGE_LOOP_ANALYSIS = YES;
				CLANG_WARN_STRICT_PROTOTYPES = YES;
				CLANG_WARN_SUSPICIOUS_MOVE = YES;
				CLANG_WARN_UNGUARDED_AVAILABILITY = YES_AGGRESSIVE;
				CLANG_WARN_UNREACHABLE_CODE = YES;
				CLANG_WARN__DUPLICATE_METHOD_MATCH = YES;
				COPY_PHASE_STRIP = NO;
				DEBUG_INFORMATION_FORMAT = dwarf;
				ENABLE_STRICT_OBJC_MSGSEND = YES;
				ENABLE_TESTABILITY = YES;
				GCC_C_LANGUAGE_STANDARD = gnu11;
				GCC_DYNAMIC_NO_PIC = NO;
				GCC_NO_COMMON_BLOCKS = YES;
				GCC_OPTIMIZATION_LEVEL = 0;
				GCC_PREPROCESSOR_DEFINITIONS = (
					"DEBUG=1",
					"$(inherited)",
				);
				GCC_WARN_64_TO_32_BIT_CONVERSION = YES;
				GCC_WARN_ABOUT_RETURN_TYPE = YES_ERROR;
				GCC_WARN_UNDECLARED_SELECTOR = YES;
				GCC_WARN_UNINITIALIZED_AUTOS = YES_AGGRESSIVE;
				GCC_WARN_UNUSED_FUNCTION = YES;
				GCC_WARN_UNUSED_VARIABLE = YES;
				IPHONEOS_DEPLOYMENT_TARGET = 16.0;
				MTL_ENABLE_DEBUG_INFO = INCLUDE_SOURCE;
				MTL_FAST_MATH = YES;
				ONLY_ACTIVE_ARCH = YES;
				SDKROOT = iphoneos;
				SWIFT_ACTIVE_COMPILATION_CONDITIONS = DEBUG;
				SWIFT_OPTIMIZATION_LEVEL = "-Onone";
			};
			name = Debug;
		};
		0A4B4DBC2906984400379DE6 /* Release */ = {
			isa = XCBuildConfiguration;
			buildSettings = {
				ALWAYS_SEARCH_USER_PATHS = NO;
				CLANG_ANALYZER_NONNULL = YES;
				CLANG_ANALYZER_NUMBER_OBJECT_CONVERSION = YES_AGGRESSIVE;
				CLANG_CXX_LANGUAGE_STANDARD = "gnu++20";
				CLANG_ENABLE_MODULES = YES;
				CLANG_ENABLE_OBJC_ARC = YES;
				CLANG_ENABLE_OBJC_WEAK = YES;
				CLANG_WARN_BLOCK_CAPTURE_AUTORELEASING = YES;
				CLANG_WARN_BOOL_CONVERSION = YES;
				CLANG_WARN_COMMA = YES;
				CLANG_WARN_CONSTANT_CONVERSION = YES;
				CLANG_WARN_DEPRECATED_OBJC_IMPLEMENTATIONS = YES;
				CLANG_WARN_DIRECT_OBJC_ISA_USAGE = YES_ERROR;
				CLANG_WARN_DOCUMENTATION_COMMENTS = YES;
				CLANG_WARN_EMPTY_BODY = YES;
				CLANG_WARN_ENUM_CONVERSION = YES;
				CLANG_WARN_INFINITE_RECURSION = YES;
				CLANG_WARN_INT_CONVERSION = YES;
				CLANG_WARN_NON_LITERAL_NULL_CONVERSION = YES;
				CLANG_WARN_OBJC_IMPLICIT_RETAIN_SELF = YES;
				CLANG_WARN_OBJC_LITERAL_CONVERSION = YES;
				CLANG_WARN_OBJC_ROOT_CLASS = YES_ERROR;
				CLANG_WARN_QUOTED_INCLUDE_IN_FRAMEWORK_HEADER = YES;
				CLANG_WARN_RANGE_LOOP_ANALYSIS = YES;
				CLANG_WARN_STRICT_PROTOTYPES = YES;
				CLANG_WARN_SUSPICIOUS_MOVE = YES;
				CLANG_WARN_UNGUARDED_AVAILABILITY = YES_AGGRESSIVE;
				CLANG_WARN_UNREACHABLE_CODE = YES;
				CLANG_WARN__DUPLICATE_METHOD_MATCH = YES;
				COPY_PHASE_STRIP = NO;
				DEBUG_INFORMATION_FORMAT = "dwarf-with-dsym";
				ENABLE_NS_ASSERTIONS = NO;
				ENABLE_STRICT_OBJC_MSGSEND = YES;
				GCC_C_LANGUAGE_STANDARD = gnu11;
				GCC_NO_COMMON_BLOCKS = YES;
				GCC_WARN_64_TO_32_BIT_CONVERSION = YES;
				GCC_WARN_ABOUT_RETURN_TYPE = YES_ERROR;
				GCC_WARN_UNDECLARED_SELECTOR = YES;
				GCC_WARN_UNINITIALIZED_AUTOS = YES_AGGRESSIVE;
				GCC_WARN_UNUSED_FUNCTION = YES;
				GCC_WARN_UNUSED_VARIABLE = YES;
				IPHONEOS_DEPLOYMENT_TARGET = 16.0;
				MTL_ENABLE_DEBUG_INFO = NO;
				MTL_FAST_MATH = YES;
				SDKROOT = iphoneos;
				SWIFT_COMPILATION_MODE = wholemodule;
				SWIFT_OPTIMIZATION_LEVEL = "-O";
				VALIDATE_PRODUCT = YES;
			};
			name = Release;
		};
		0A4B4DBE2906984400379DE6 /* Debug */ = {
			isa = XCBuildConfiguration;
			buildSettings = {
				ALWAYS_EMBED_SWIFT_STANDARD_LIBRARIES = YES;
				ASSETCATALOG_COMPILER_APPICON_NAME = AppIcon;
				ASSETCATALOG_COMPILER_GLOBAL_ACCENT_COLOR_NAME = AccentColor;
				CODE_SIGN_STYLE = Automatic;
				CURRENT_PROJECT_VERSION = 1;
				DEVELOPMENT_TEAM = PBBT599Q77;
				GENERATE_INFOPLIST_FILE = YES;
				INFOPLIST_FILE = GDCExample/Info.plist;
				INFOPLIST_KEY_UIApplicationSupportsIndirectInputEvents = YES;
				INFOPLIST_KEY_UILaunchStoryboardName = LaunchScreen;
				INFOPLIST_KEY_UIMainStoryboardFile = Main;
				INFOPLIST_KEY_UISupportedInterfaceOrientations_iPad = "UIInterfaceOrientationPortrait UIInterfaceOrientationPortraitUpsideDown UIInterfaceOrientationLandscapeLeft UIInterfaceOrientationLandscapeRight";
				INFOPLIST_KEY_UISupportedInterfaceOrientations_iPhone = "UIInterfaceOrientationPortrait UIInterfaceOrientationLandscapeLeft UIInterfaceOrientationLandscapeRight";
				LD_RUNPATH_SEARCH_PATHS = (
					"$(inherited)",
					"@executable_path/Frameworks",
				);
				MARKETING_VERSION = 1.0;
				PRODUCT_BUNDLE_IDENTIFIER = kevin.GDCExample;
				PRODUCT_NAME = "$(TARGET_NAME)";
				SWIFT_EMIT_LOC_STRINGS = YES;
				SWIFT_VERSION = 5.0;
				TARGETED_DEVICE_FAMILY = "1,2";
			};
			name = Debug;
		};
		0A4B4DBF2906984400379DE6 /* Release */ = {
			isa = XCBuildConfiguration;
			buildSettings = {
				ALWAYS_EMBED_SWIFT_STANDARD_LIBRARIES = YES;
				ASSETCATALOG_COMPILER_APPICON_NAME = AppIcon;
				ASSETCATALOG_COMPILER_GLOBAL_ACCENT_COLOR_NAME = AccentColor;
				CODE_SIGN_STYLE = Automatic;
				CURRENT_PROJECT_VERSION = 1;
				DEVELOPMENT_TEAM = PBBT599Q77;
				GENERATE_INFOPLIST_FILE = YES;
				INFOPLIST_FILE = GDCExample/Info.plist;
				INFOPLIST_KEY_UIApplicationSupportsIndirectInputEvents = YES;
				INFOPLIST_KEY_UILaunchStoryboardName = LaunchScreen;
				INFOPLIST_KEY_UIMainStoryboardFile = Main;
				INFOPLIST_KEY_UISupportedInterfaceOrientations_iPad = "UIInterfaceOrientationPortrait UIInterfaceOrientationPortraitUpsideDown UIInterfaceOrientationLandscapeLeft UIInterfaceOrientationLandscapeRight";
				INFOPLIST_KEY_UISupportedInterfaceOrientations_iPhone = "UIInterfaceOrientationPortrait UIInterfaceOrientationLandscapeLeft UIInterfaceOrientationLandscapeRight";
				LD_RUNPATH_SEARCH_PATHS = (
					"$(inherited)",
					"@executable_path/Frameworks",
				);
				MARKETING_VERSION = 1.0;
				PRODUCT_BUNDLE_IDENTIFIER = kevin.GDCExample;
				PRODUCT_NAME = "$(TARGET_NAME)";
				SWIFT_EMIT_LOC_STRINGS = YES;
				SWIFT_VERSION = 5.0;
				TARGETED_DEVICE_FAMILY = "1,2";
			};
			name = Release;
		};
		0A4B4DC12906984400379DE6 /* Debug */ = {
			isa = XCBuildConfiguration;
			buildSettings = {
				ALWAYS_EMBED_SWIFT_STANDARD_LIBRARIES = YES;
				BUNDLE_LOADER = "$(TEST_HOST)";
				CODE_SIGN_STYLE = Automatic;
				CURRENT_PROJECT_VERSION = 1;
				DEVELOPMENT_TEAM = PBBT599Q77;
				GENERATE_INFOPLIST_FILE = YES;
				IPHONEOS_DEPLOYMENT_TARGET = 16.0;
				MARKETING_VERSION = 1.0;
				PRODUCT_BUNDLE_IDENTIFIER = kevin.GDCExampleTests;
				PRODUCT_NAME = "$(TARGET_NAME)";
				SWIFT_EMIT_LOC_STRINGS = NO;
				SWIFT_VERSION = 5.0;
				TARGETED_DEVICE_FAMILY = "1,2";
				TEST_HOST = "$(BUILT_PRODUCTS_DIR)/GDCExample.app/$(BUNDLE_EXECUTABLE_FOLDER_PATH)/GDCExample";
			};
			name = Debug;
		};
		0A4B4DC22906984400379DE6 /* Release */ = {
			isa = XCBuildConfiguration;
			buildSettings = {
				ALWAYS_EMBED_SWIFT_STANDARD_LIBRARIES = YES;
				BUNDLE_LOADER = "$(TEST_HOST)";
				CODE_SIGN_STYLE = Automatic;
				CURRENT_PROJECT_VERSION = 1;
				DEVELOPMENT_TEAM = PBBT599Q77;
				GENERATE_INFOPLIST_FILE = YES;
				IPHONEOS_DEPLOYMENT_TARGET = 16.0;
				MARKETING_VERSION = 1.0;
				PRODUCT_BUNDLE_IDENTIFIER = kevin.GDCExampleTests;
				PRODUCT_NAME = "$(TARGET_NAME)";
				SWIFT_EMIT_LOC_STRINGS = NO;
				SWIFT_VERSION = 5.0;
				TARGETED_DEVICE_FAMILY = "1,2";
				TEST_HOST = "$(BUILT_PRODUCTS_DIR)/GDCExample.app/$(BUNDLE_EXECUTABLE_FOLDER_PATH)/GDCExample";
			};
			name = Release;
		};
		0A4B4DC42906984400379DE6 /* Debug */ = {
			isa = XCBuildConfiguration;
			buildSettings = {
				ALWAYS_EMBED_SWIFT_STANDARD_LIBRARIES = YES;
				CODE_SIGN_STYLE = Automatic;
				CURRENT_PROJECT_VERSION = 1;
				DEVELOPMENT_TEAM = PBBT599Q77;
				GENERATE_INFOPLIST_FILE = YES;
				MARKETING_VERSION = 1.0;
				PRODUCT_BUNDLE_IDENTIFIER = kevin.GDCExampleUITests;
				PRODUCT_NAME = "$(TARGET_NAME)";
				SWIFT_EMIT_LOC_STRINGS = NO;
				SWIFT_VERSION = 5.0;
				TARGETED_DEVICE_FAMILY = "1,2";
				TEST_TARGET_NAME = GDCExample;
			};
			name = Debug;
		};
		0A4B4DC52906984400379DE6 /* Release */ = {
			isa = XCBuildConfiguration;
			buildSettings = {
				ALWAYS_EMBED_SWIFT_STANDARD_LIBRARIES = YES;
				CODE_SIGN_STYLE = Automatic;
				CURRENT_PROJECT_VERSION = 1;
				DEVELOPMENT_TEAM = PBBT599Q77;
				GENERATE_INFOPLIST_FILE = YES;
				MARKETING_VERSION = 1.0;
				PRODUCT_BUNDLE_IDENTIFIER = kevin.GDCExampleUITests;
				PRODUCT_NAME = "$(TARGET_NAME)";
				SWIFT_EMIT_LOC_STRINGS = NO;
				SWIFT_VERSION = 5.0;
				TARGETED_DEVICE_FAMILY = "1,2";
				TEST_TARGET_NAME = GDCExample;
			};
			name = Release;
		};
/* End XCBuildConfiguration section */

/* Begin XCConfigurationList section */
		0A3AFF62290E958500DC8B00 /* Build configuration list for PBXNativeTarget "KWebImage" */ = {
			isa = XCConfigurationList;
			buildConfigurations = (
				0A3AFF63290E958500DC8B00 /* Debug */,
				0A3AFF64290E958500DC8B00 /* Release */,
			);
			defaultConfigurationIsVisible = 0;
			defaultConfigurationName = Release;
		};
		0A3AFF66290E958500DC8B00 /* Build configuration list for PBXNativeTarget "KWebImageTests" */ = {
			isa = XCConfigurationList;
			buildConfigurations = (
				0A3AFF67290E958500DC8B00 /* Debug */,
				0A3AFF68290E958500DC8B00 /* Release */,
			);
			defaultConfigurationIsVisible = 0;
			defaultConfigurationName = Release;
		};
		0A4B4D8E2906984300379DE6 /* Build configuration list for PBXProject "GDCExample" */ = {
			isa = XCConfigurationList;
			buildConfigurations = (
				0A4B4DBB2906984400379DE6 /* Debug */,
				0A4B4DBC2906984400379DE6 /* Release */,
			);
			defaultConfigurationIsVisible = 0;
			defaultConfigurationName = Release;
		};
		0A4B4DBD2906984400379DE6 /* Build configuration list for PBXNativeTarget "GDCExample" */ = {
			isa = XCConfigurationList;
			buildConfigurations = (
				0A4B4DBE2906984400379DE6 /* Debug */,
				0A4B4DBF2906984400379DE6 /* Release */,
			);
			defaultConfigurationIsVisible = 0;
			defaultConfigurationName = Release;
		};
		0A4B4DC02906984400379DE6 /* Build configuration list for PBXNativeTarget "GDCExampleTests" */ = {
			isa = XCConfigurationList;
			buildConfigurations = (
				0A4B4DC12906984400379DE6 /* Debug */,
				0A4B4DC22906984400379DE6 /* Release */,
			);
			defaultConfigurationIsVisible = 0;
			defaultConfigurationName = Release;
		};
		0A4B4DC32906984400379DE6 /* Build configuration list for PBXNativeTarget "GDCExampleUITests" */ = {
			isa = XCConfigurationList;
			buildConfigurations = (
				0A4B4DC42906984400379DE6 /* Debug */,
				0A4B4DC52906984400379DE6 /* Release */,
			);
			defaultConfigurationIsVisible = 0;
			defaultConfigurationName = Release;
		};
/* End XCConfigurationList section */

/* Begin XCRemoteSwiftPackageReference section */
		0AA17804290D5C990034CED2 /* XCRemoteSwiftPackageReference "SDWebImage" */ = {
			isa = XCRemoteSwiftPackageReference;
			repositoryURL = "https://github.com/codedeman/SDWebImage";
			requirement = {
				branch = master;
				kind = branch;
			};
		};
/* End XCRemoteSwiftPackageReference section */

/* Begin XCSwiftPackageProductDependency section */
		0AA17805290D5C990034CED2 /* SDWebImage */ = {
			isa = XCSwiftPackageProductDependency;
			package = 0AA17804290D5C990034CED2 /* XCRemoteSwiftPackageReference "SDWebImage" */;
			productName = SDWebImage;
		};
/* End XCSwiftPackageProductDependency section */
	};
	rootObject = 0A4B4D8B2906984300379DE6 /* Project object */;
}
